
Microsoft Visual Studio Solution File, Format Version 12.00
# Visual Studio 2013
VisualStudioVersion = 12.0.31101.0
MinimumVisualStudioVersion = 10.0.40219.1
Project("{2150E333-8FDC-42A3-9474-1A3956D46DE8}") = ".nuget", ".nuget", "{CAD78976-5F87-4988-BC1D-E3E70398F7CD}"
	ProjectSection(SolutionItems) = preProject
		.nuget\NuGet.Config = .nuget\NuGet.Config
		.nuget\NuGet.exe = .nuget\NuGet.exe
		.nuget\NuGet.targets = .nuget\NuGet.targets
	EndProjectSection
EndProject
Project("{FAE04EC0-301F-11D3-BF4B-00C04F79EFBC}") = "QuartzNetWebConsole", "QuartzNetWebConsole\QuartzNetWebConsole.csproj", "{72A7A322-38DD-47DD-8948-6ED6E2F9DC5D}"
EndProject
Project("{FAE04EC0-301F-11D3-BF4B-00C04F79EFBC}") = "QuartzNetWebConsole.Tests", "QuartzNetWebConsole.Tests\QuartzNetWebConsole.Tests.csproj", "{05021F00-C4D1-45C3-92EC-92C467B74F67}"
EndProject
Project("{F184B08F-C81C-45F6-A57F-5ABD9991F28F}") = "QuartzNetWebConsole.Views", "QuartzNetWebConsole.Views\QuartzNetWebConsole.Views.vbproj", "{7961AB01-1549-4340-8D3D-F0DA43B8C84F}"
EndProject
Project("{FAE04EC0-301F-11D3-BF4B-00C04F79EFBC}") = "SampleApp", "SampleApp\SampleApp.csproj", "{AA2D041C-4CDC-4055-8FC5-C0ECD4D8AE48}"
EndProject
Project("{FAE04EC0-301F-11D3-BF4B-00C04F79EFBC}") = "QuartzNetWebConsole.Web", "QuartzNetWebConsole.Web\QuartzNetWebConsole.Web.csproj", "{1F666487-F60B-4C8D-B632-58B24C37FEC1}"
EndProject
Global
	GlobalSection(SolutionConfigurationPlatforms) = preSolution
		Debug|Any CPU = Debug|Any CPU
		Release|Any CPU = Release|Any CPU
	EndGlobalSection
	GlobalSection(ProjectConfigurationPlatforms) = postSolution
		{72A7A322-38DD-47DD-8948-6ED6E2F9DC5D}.Debug|Any CPU.ActiveCfg = Debug|Any CPU
		{72A7A322-38DD-47DD-8948-6ED6E2F9DC5D}.Debug|Any CPU.Build.0 = Debug|Any CPU
		{72A7A322-38DD-47DD-8948-6ED6E2F9DC5D}.Release|Any CPU.ActiveCfg = Release|Any CPU
		{72A7A322-38DD-47DD-8948-6ED6E2F9DC5D}.Release|Any CPU.Build.0 = Release|Any CPU
		{05021F00-C4D1-45C3-92EC-92C467B74F67}.Debug|Any CPU.ActiveCfg = Debug|Any CPU
		{05021F00-C4D1-45C3-92EC-92C467B74F67}.Debug|Any CPU.Build.0 = Debug|Any CPU
		{05021F00-C4D1-45C3-92EC-92C467B74F67}.Release|Any CPU.ActiveCfg = Release|Any CPU
		{05021F00-C4D1-45C3-92EC-92C467B74F67}.Release|Any CPU.Build.0 = Release|Any CPU
		{7961AB01-1549-4340-8D3D-F0DA43B8C84F}.Debug|Any CPU.ActiveCfg = Debug|Any CPU
		{7961AB01-1549-4340-8D3D-F0DA43B8C84F}.Debug|Any CPU.Build.0 = Debug|Any CPU
		{7961AB01-1549-4340-8D3D-F0DA43B8C84F}.Release|Any CPU.ActiveCfg = Release|Any CPU
		{7961AB01-1549-4340-8D3D-F0DA43B8C84F}.Release|Any CPU.Build.0 = Release|Any CPU
		{AA2D041C-4CDC-4055-8FC5-C0ECD4D8AE48}.Debug|Any CPU.ActiveCfg = Debug|Any CPU
		{AA2D041C-4CDC-4055-8FC5-C0ECD4D8AE48}.Debug|Any CPU.Build.0 = Debug|Any CPU
		{AA2D041C-4CDC-4055-8FC5-C0ECD4D8AE48}.Release|Any CPU.ActiveCfg = Release|Any CPU
		{AA2D041C-4CDC-4055-8FC5-C0ECD4D8AE48}.Release|Any CPU.Build.0 = Release|Any CPU
		{1F666487-F60B-4C8D-B632-58B24C37FEC1}.Debug|Any CPU.ActiveCfg = Debug|Any CPU
		{1F666487-F60B-4C8D-B632-58B24C37FEC1}.Debug|Any CPU.Build.0 = Debug|Any CPU
		{1F666487-F60B-4C8D-B632-58B24C37FEC1}.Release|Any CPU.ActiveCfg = Release|Any CPU
		{1F666487-F60B-4C8D-B632-58B24C37FEC1}.Release|Any CPU.Build.0 = Release|Any CPU
	EndGlobalSection
	GlobalSection(SolutionProperties) = preSolution
		HideSolutionNode = FALSE
	EndGlobalSection
EndGlobal
